
Microsoft Visual Studio Solution File, Format Version 12.00
# Visual Studio Version 17
VisualStudioVersion = 17.10.35122.118
MinimumVisualStudioVersion = 10.0.40219.1
Project("{FAE04EC0-301F-11D3-BF4B-00C04F79EFBC}") = "First-MVC-App", "First-MVC-App.csproj", "{4EF68B57-D4ED-4425-82E6-22A79364E66E}"
EndProject
Global
	GlobalSection(SolutionConfigurationPlatforms) = preSolution
		Debug|Any CPU = Debug|Any CPU
		Release|Any CPU = Release|Any CPU
	EndGlobalSection
	GlobalSection(ProjectConfigurationPlatforms) = postSolution
		{4EF68B57-D4ED-4425-82E6-22A79364E66E}.Debug|Any CPU.ActiveCfg = Debug|Any CPU
		{4EF68B57-D4ED-4425-82E6-22A79364E66E}.Debug|Any CPU.Build.0 = Debug|Any CPU
		{4EF68B57-D4ED-4425-82E6-22A79364E66E}.Release|Any CPU.ActiveCfg = Release|Any CPU
		{4EF68B57-D4ED-4425-82E6-22A79364E66E}.Release|Any CPU.Build.0 = Release|Any CPU
	EndGlobalSection
	GlobalSection(SolutionProperties) = preSolution
		HideSolutionNode = FALSE
	EndGlobalSection
	GlobalSection(ExtensibilityGlobals) = postSolution
		SolutionGuid = {F5CB68EC-79F1-409F-B336-60339E1F55A0}
	EndGlobalSection
EndGlobal
